
Microsoft Visual Studio Solution File, Format Version 12.00
# Visual Studio Version 17
VisualStudioVersion = 17.5.002.0
MinimumVisualStudioVersion = 10.0.40219.1
Project("{9A19103F-16F7-4668-BE54-9A1E7A4F7556}") = "RedirectToAction_MVC", "RedirectToAction_MVC.csproj", "{9BF75CBC-31E9-4476-9AE4-B7318C87209E}"
EndProject
Global
	GlobalSection(SolutionConfigurationPlatforms) = preSolution
		Debug|Any CPU = Debug|Any CPU
		Release|Any CPU = Release|Any CPU
	EndGlobalSection
	GlobalSection(ProjectConfigurationPlatforms) = postSolution
		{9BF75CBC-31E9-4476-9AE4-B7318C87209E}.Debug|Any CPU.ActiveCfg = Debug|Any CPU
		{9BF75CBC-31E9-4476-9AE4-B7318C87209E}.Debug|Any CPU.Build.0 = Debug|Any CPU
		{9BF75CBC-31E9-4476-9AE4-B7318C87209E}.Release|Any CPU.ActiveCfg = Release|Any CPU
		{9BF75CBC-31E9-4476-9AE4-B7318C87209E}.Release|Any CPU.Build.0 = Release|Any CPU
	EndGlobalSection
	GlobalSection(SolutionProperties) = preSolution
		HideSolutionNode = FALSE
	EndGlobalSection
	GlobalSection(ExtensibilityGlobals) = postSolution
		SolutionGuid = {AA4F3309-A958-4BF1-826E-98F2E697E09B}
	EndGlobalSection
EndGlobal
